// !$*UTF8*$!
{
	archiveVersion = 1;
	classes = {
	};
	objectVersion = 50;
	objects = {

/* Begin PBXBuildFile section */
		92F3603F25CB6EF700EECE5B /* ReactNativeConfigModule.h in Headers */ = {isa = PBXBuildFile; fileRef = 92F3603925CB6EF700EECE5B /* ReactNativeConfigModule.h */; };
		92F3604025CB6EF700EECE5B /* ReactNativeConfig.m in Sources */ = {isa = PBXBuildFile; fileRef = 92F3603B25CB6EF700EECE5B /* ReactNativeConfig.m */; };
		92F3604125CB6EF700EECE5B /* ReactNativeConfig.h in Headers */ = {isa = PBXBuildFile; fileRef = 92F3603D25CB6EF700EECE5B /* ReactNativeConfig.h */; };
		92F3604225CB6EF700EECE5B /* ReactNativeConfigModule.m in Sources */ = {isa = PBXBuildFile; fileRef = 92F3603E25CB6EF700EECE5B /* ReactNativeConfigModule.m */; };
/* End PBXBuildFile section */

/* Begin PBXFileReference section */
		92F3601D25CB6E0100EECE5B /* libReactNativeConfig.dylib */ = {isa = PBXFileReference; explicitFileType = "compiled.mach-o.dylib"; includeInIndex = 0; path = libReactNativeConfig.dylib; sourceTree = BUILT_PRODUCTS_DIR; };
		92F3603825CB6EF700EECE5B /* BuildDotenvConfig.rb */ = {isa = PBXFileReference; fileEncoding = 4; lastKnownFileType = text.script.ruby; name = BuildDotenvConfig.rb; path = ../apple/BuildDotenvConfig.rb; sourceTree = "<group>"; };
		92F3603925CB6EF700EECE5B /* ReactNativeConfigModule.h */ = {isa = PBXFileReference; fileEncoding = 4; lastKnownFileType = sourcecode.c.h; name = ReactNativeConfigModule.h; path = ../apple/ReactNativeConfigModule.h; sourceTree = "<group>"; };
		92F3603A25CB6EF700EECE5B /* BuildXCConfig.rb */ = {isa = PBXFileReference; fileEncoding = 4; lastKnownFileType = text.script.ruby; name = BuildXCConfig.rb; path = ../apple/BuildXCConfig.rb; sourceTree = "<group>"; };
		92F3603B25CB6EF700EECE5B /* ReactNativeConfig.m */ = {isa = PBXFileReference; fileEncoding = 4; lastKnownFileType = sourcecode.c.objc; name = ReactNativeConfig.m; path = ../apple/ReactNativeConfig.m; sourceTree = "<group>"; };
		92F3603C25CB6EF700EECE5B /* ReadDotEnv.rb */ = {isa = PBXFileReference; fileEncoding = 4; lastKnownFileType = text.script.ruby; name = ReadDotEnv.rb; path = ../apple/ReadDotEnv.rb; sourceTree = "<group>"; };
		92F3603D25CB6EF700EECE5B /* ReactNativeConfig.h */ = {isa = PBXFileReference; fileEncoding = 4; lastKnownFileType = sourcecode.c.h; name = ReactNativeConfig.h; path = ../apple/ReactNativeConfig.h; sourceTree = "<group>"; };
		92F3603E25CB6EF700EECE5B /* ReactNativeConfigModule.m */ = {isa = PBXFileReference; fileEncoding = 4; lastKnownFileType = sourcecode.c.objc; name = ReactNativeConfigModule.m; path = ../apple/ReactNativeConfigModule.m; sourceTree = "<group>"; };
/* End PBXFileReference section */

/* Begin PBXFrameworksBuildPhase section */
		92F3601B25CB6E0100EECE5B /* Frameworks */ = {
			isa = PBXFrameworksBuildPhase;
			buildActionMask = 2147483647;
			files = (
			);
			runOnlyForDeploymentPostprocessing = 0;
		};
/* End PBXFrameworksBuildPhase section */

/* Begin PBXGroup section */
		92F3601425CB6E0100EECE5B = {
			isa = PBXGroup;
			children = (
				92F3603825CB6EF700EECE5B /* BuildDotenvConfig.rb */,
				92F3603A25CB6EF700EECE5B /* BuildXCConfig.rb */,
				92F3603D25CB6EF700EECE5B /* ReactNativeConfig.h */,
				92F3603B25CB6EF700EECE5B /* ReactNativeConfig.m */,
				92F3603925CB6EF700EECE5B /* ReactNativeConfigModule.h */,
				92F3603E25CB6EF700EECE5B /* ReactNativeConfigModule.m */,
				92F3603C25CB6EF700EECE5B /* ReadDotEnv.rb */,
				92F3601E25CB6E0100EECE5B /* Products */,
			);
			sourceTree = "<group>";
		};
		92F3601E25CB6E0100EECE5B /* Products */ = {
			isa = PBXGroup;
			children = (
				92F3601D25CB6E0100EECE5B /* libReactNativeConfig.dylib */,
			);
			name = Products;
			sourceTree = "<group>";
		};
/* End PBXGroup section */

/* Begin PBXHeadersBuildPhase section */
		92F3601925CB6E0100EECE5B /* Headers */ = {
			isa = PBXHeadersBuildPhase;
			buildActionMask = 2147483647;
			files = (
				92F3603F25CB6EF700EECE5B /* ReactNativeConfigModule.h in Headers */,
				92F3604125CB6EF700EECE5B /* ReactNativeConfig.h in Headers */,
			);
			runOnlyForDeploymentPostprocessing = 0;
		};
/* End PBXHeadersBuildPhase section */

/* Begin PBXNativeTarget section */
		92F3601C25CB6E0100EECE5B /* ReactNativeConfig */ = {
			isa = PBXNativeTarget;
			buildConfigurationList = 92F3602625CB6E0100EECE5B /* Build configuration list for PBXNativeTarget "ReactNativeConfig" */;
			buildPhases = (
				92F3601925CB6E0100EECE5B /* Headers */,
				92F3601A25CB6E0100EECE5B /* Sources */,
				92F3601B25CB6E0100EECE5B /* Frameworks */,
			);
			buildRules = (
			);
			dependencies = (
			);
			name = ReactNativeConfig;
			productName = ReactNativeConfig;
			productReference = 92F3601D25CB6E0100EECE5B /* libReactNativeConfig.dylib */;
			productType = "com.apple.product-type.library.dynamic";
		};
/* End PBXNativeTarget section */

/* Begin PBXProject section */
		92F3601525CB6E0100EECE5B /* Project object */ = {
			isa = PBXProject;
			attributes = {
				LastUpgradeCheck = 1240;
				TargetAttributes = {
					92F3601C25CB6E0100EECE5B = {
						CreatedOnToolsVersion = 12.4;
					};
				};
			};
			buildConfigurationList = 92F3601825CB6E0100EECE5B /* Build configuration list for PBXProject "ReactNativeConfig" */;
			compatibilityVersion = "Xcode 9.3";
			developmentRegion = en;
			hasScannedForEncodings = 0;
			knownRegions = (
				en,
				Base,
			);
			mainGroup = 92F3601425CB6E0100EECE5B;
			productRefGroup = 92F3601E25CB6E0100EECE5B /* Products */;
			projectDirPath = "";
			projectRoot = "";
			targets = (
				92F3601C25CB6E0100EECE5B /* ReactNativeConfig */,
			);
		};
/* End PBXProject section */

/* Begin PBXSourcesBuildPhase section */
		92F3601A25CB6E0100EECE5B /* Sources */ = {
			isa = PBXSourcesBuildPhase;
			buildActionMask = 2147483647;
			files = (
				92F3604225CB6EF700EECE5B /* ReactNativeConfigModule.m in Sources */,
				92F3604025CB6EF700EECE5B /* ReactNativeConfig.m in Sources */,
			);
			runOnlyForDeploymentPostprocessing = 0;
		};
/* End PBXSourcesBuildPhase section */

/* Begin XCBuildConfiguration section */
		92F3602425CB6E0100EECE5B /* Debug */ = {
			isa = XCBuildConfiguration;
			buildSettings = {
				ALWAYS_SEARCH_USER_PATHS = NO;
				CLANG_ANALYZER_NONNULL = YES;
				CLANG_ANALYZER_NUMBER_OBJECT_CONVERSION = YES_AGGRESSIVE;
				CLANG_CXX_LANGUAGE_STANDARD = "gnu++14";
				CLANG_CXX_LIBRARY = "libc++";
				CLANG_ENABLE_MODULES = YES;
				CLANG_ENABLE_OBJC_ARC = YES;
				CLANG_ENABLE_OBJC_WEAK = YES;
				CLANG_WARN_BLOCK_CAPTURE_AUTORELEASING = YES;
				CLANG_WARN_BOOL_CONVERSION = YES;
				CLANG_WARN_COMMA = YES;
				CLANG_WARN_CONSTANT_CONVERSION = YES;
				CLANG_WARN_DEPRECATED_OBJC_IMPLEMENTATIONS = YES;
				CLANG_WARN_DIRECT_OBJC_ISA_USAGE = YES_ERROR;
				CLANG_WARN_DOCUMENTATION_COMMENTS = YES;
				CLANG_WARN_EMPTY_BODY = YES;
				CLANG_WARN_ENUM_CONVERSION = YES;
				CLANG_WARN_INFINITE_RECURSION = YES;
				CLANG_WARN_INT_CONVERSION = YES;
				CLANG_WARN_NON_LITERAL_NULL_CONVERSION = YES;
				CLANG_WARN_OBJC_IMPLICIT_RETAIN_SELF = YES;
				CLANG_WARN_OBJC_LITERAL_CONVERSION = YES;
				CLANG_WARN_OBJC_ROOT_CLASS = YES_ERROR;
				CLANG_WARN_QUOTED_INCLUDE_IN_FRAMEWORK_HEADER = YES;
				CLANG_WARN_RANGE_LOOP_ANALYSIS = YES;
				CLANG_WARN_STRICT_PROTOTYPES = YES;
				CLANG_WARN_SUSPICIOUS_MOVE = YES;
				CLANG_WARN_UNGUARDED_AVAILABILITY = YES_AGGRESSIVE;
				CLANG_WARN_UNREACHABLE_CODE = YES;
				CLANG_WARN__DUPLICATE_METHOD_MATCH = YES;
				COPY_PHASE_STRIP = NO;
				DEBUG_INFORMATION_FORMAT = dwarf;
				ENABLE_STRICT_OBJC_MSGSEND = YES;
				ENABLE_TESTABILITY = YES;
				GCC_C_LANGUAGE_STANDARD = gnu11;
				GCC_DYNAMIC_NO_PIC = NO;
				GCC_NO_COMMON_BLOCKS = YES;
				GCC_OPTIMIZATION_LEVEL = 0;
				GCC_PREPROCESSOR_DEFINITIONS = (
					"DEBUG=1",
					"$(inherited)",
				);
				GCC_WARN_64_TO_32_BIT_CONVERSION = YES;
				GCC_WARN_ABOUT_RETURN_TYPE = YES_ERROR;
				GCC_WARN_UNDECLARED_SELECTOR = YES;
				GCC_WARN_UNINITIALIZED_AUTOS = YES_AGGRESSIVE;
				GCC_WARN_UNUSED_FUNCTION = YES;
				GCC_WARN_UNUSED_VARIABLE = YES;
				MACOSX_DEPLOYMENT_TARGET = 10.13;
				MTL_ENABLE_DEBUG_INFO = INCLUDE_SOURCE;
				MTL_FAST_MATH = YES;
				ONLY_ACTIVE_ARCH = YES;
				SDKROOT = macosx;
			};
			name = Debug;
		};
		92F3602525CB6E0100EECE5B /* Release */ = {
			isa = XCBuildConfiguration;
			buildSettings = {
				ALWAYS_SEARCH_USER_PATHS = NO;
				CLANG_ANALYZER_NONNULL = YES;
				CLANG_ANALYZER_NUMBER_OBJECT_CONVERSION = YES_AGGRESSIVE;
				CLANG_CXX_LANGUAGE_STANDARD = "gnu++14";
				CLANG_CXX_LIBRARY = "libc++";
				CLANG_ENABLE_MODULES = YES;
				CLANG_ENABLE_OBJC_ARC = YES;
				CLANG_ENABLE_OBJC_WEAK = YES;
				CLANG_WARN_BLOCK_CAPTURE_AUTORELEASING = YES;
				CLANG_WARN_BOOL_CONVERSION = YES;
				CLANG_WARN_COMMA = YES;
				CLANG_WARN_CONSTANT_CONVERSION = YES;
				CLANG_WARN_DEPRECATED_OBJC_IMPLEMENTATIONS = YES;
				CLANG_WARN_DIRECT_OBJC_ISA_USAGE = YES_ERROR;
				CLANG_WARN_DOCUMENTATION_COMMENTS = YES;
				CLANG_WARN_EMPTY_BODY = YES;
				CLANG_WARN_ENUM_CONVERSION = YES;
				CLANG_WARN_INFINITE_RECURSION = YES;
				CLANG_WARN_INT_CONVERSION = YES;
				CLANG_WARN_NON_LITERAL_NULL_CONVERSION = YES;
				CLANG_WARN_OBJC_IMPLICIT_RETAIN_SELF = YES;
				CLANG_WARN_OBJC_LITERAL_CONVERSION = YES;
				CLANG_WARN_OBJC_ROOT_CLASS = YES_ERROR;
				CLANG_WARN_QUOTED_INCLUDE_IN_FRAMEWORK_HEADER = YES;
				CLANG_WARN_RANGE_LOOP_ANALYSIS = YES;
				CLANG_WARN_STRICT_PROTOTYPES = YES;
				CLANG_WARN_SUSPICIOUS_MOVE = YES;
				CLANG_WARN_UNGUARDED_AVAILABILITY = YES_AGGRESSIVE;
				CLANG_WARN_UNREACHABLE_CODE = YES;
				CLANG_WARN__DUPLICATE_METHOD_MATCH = YES;
				COPY_PHASE_STRIP = NO;
				DEBUG_INFORMATION_FORMAT = "dwarf-with-dsym";
				ENABLE_NS_ASSERTIONS = NO;
				ENABLE_STRICT_OBJC_MSGSEND = YES;
				GCC_C_LANGUAGE_STANDARD = gnu11;
				GCC_NO_COMMON_BLOCKS = YES;
				GCC_WARN_64_TO_32_BIT_CONVERSION = YES;
				GCC_WARN_ABOUT_RETURN_TYPE = YES_ERROR;
				GCC_WARN_UNDECLARED_SELECTOR = YES;
				GCC_WARN_UNINITIALIZED_AUTOS = YES_AGGRESSIVE;
				GCC_WARN_UNUSED_FUNCTION = YES;
				GCC_WARN_UNUSED_VARIABLE = YES;
				MACOSX_DEPLOYMENT_TARGET = 10.13;
				MTL_ENABLE_DEBUG_INFO = NO;
				MTL_FAST_MATH = YES;
				SDKROOT = macosx;
			};
			name = Release;
		};
		92F3602725CB6E0100EECE5B /* Debug */ = {
			isa = XCBuildConfiguration;
			buildSettings = {
				CODE_SIGN_STYLE = Automatic;
				DYLIB_COMPATIBILITY_VERSION = 1;
				DYLIB_CURRENT_VERSION = 1;
				EXECUTABLE_PREFIX = lib;
				PRODUCT_NAME = "$(TARGET_NAME)";
				SKIP_INSTALL = YES;
			};
			name = Debug;
		};
		92F3602825CB6E0100EECE5B /* Release */ = {
			isa = XCBuildConfiguration;
			buildSettings = {
				CODE_SIGN_STYLE = Automatic;
				DYLIB_COMPATIBILITY_VERSION = 1;
				DYLIB_CURRENT_VERSION = 1;
				EXECUTABLE_PREFIX = lib;
				PRODUCT_NAME = "$(TARGET_NAME)";
				SKIP_INSTALL = YES;
			};
			name = Release;
		};
/* End XCBuildConfiguration section */

/* Begin XCConfigurationList section */
		92F3601825CB6E0100EECE5B /* Build configuration list for PBXProject "ReactNativeConfig" */ = {
			isa = XCConfigurationList;
			buildConfigurations = (
				92F3602425CB6E0100EECE5B /* Debug */,
				92F3602525CB6E0100EECE5B /* Release */,
			);
			defaultConfigurationIsVisible = 0;
			defaultConfigurationName = Release;
		};
		92F3602625CB6E0100EECE5B /* Build configuration list for PBXNativeTarget "ReactNativeConfig" */ = {
			isa = XCConfigurationList;
			buildConfigurations = (
				92F3602725CB6E0100EECE5B /* Debug */,
				92F3602825CB6E0100EECE5B /* Release */,
			);
			defaultConfigurationIsVisible = 0;
			defaultConfigurationName = Release;
		};
/* End XCConfigurationList section */
	};
	rootObject = 92F3601525CB6E0100EECE5B /* Project object */;
}
